
Microsoft Visual Studio Solution File, Format Version 12.00
# Visual Studio 2012
Project("{FAE04EC0-301F-11D3-BF4B-00C04F79EFBC}") = "Plugin", "Template\Plugin.csproj", "{9DBE87BA-679F-46F9-9EBD-9BE51925A9A1}"
EndProject
Project("{FAE04EC0-301F-11D3-BF4B-00C04F79EFBC}") = "TestDriver", "TestDriver\TestDriver.csproj", "{983BB2E7-5EE9-4DBD-8E33-E37FD470C4EA}"
EndProject
Global
	GlobalSection(SolutionConfigurationPlatforms) = preSolution
		Debug|Any CPU = Debug|Any CPU
		Release|Any CPU = Release|Any CPU
	EndGlobalSection
	GlobalSection(ProjectConfigurationPlatforms) = postSolution
		{9DBE87BA-679F-46F9-9EBD-9BE51925A9A1}.Debug|Any CPU.ActiveCfg = Debug|Any CPU
		{9DBE87BA-679F-46F9-9EBD-9BE51925A9A1}.Debug|Any CPU.Build.0 = Debug|Any CPU
		{9DBE87BA-679F-46F9-9EBD-9BE51925A9A1}.Release|Any CPU.ActiveCfg = Release|Any CPU
		{9DBE87BA-679F-46F9-9EBD-9BE51925A9A1}.Release|Any CPU.Build.0 = Release|Any CPU
		{983BB2E7-5EE9-4DBD-8E33-E37FD470C4EA}.Debug|Any CPU.ActiveCfg = Debug|Any CPU
		{983BB2E7-5EE9-4DBD-8E33-E37FD470C4EA}.Debug|Any CPU.Build.0 = Debug|Any CPU
		{983BB2E7-5EE9-4DBD-8E33-E37FD470C4EA}.Release|Any CPU.ActiveCfg = Release|Any CPU
		{983BB2E7-5EE9-4DBD-8E33-E37FD470C4EA}.Release|Any CPU.Build.0 = Release|Any CPU
	EndGlobalSection
	GlobalSection(SolutionProperties) = preSolution
		HideSolutionNode = FALSE
	EndGlobalSection
EndGlobal
